Microsoft Visual Studio Solution File, Format Version 11.00
# Visual Studio 2008

Project("{1EF603AA-1DB6-00B6-1A94-4BFD6AB7C2AA}") = "LazyKid", "Assembly-CSharp.csproj", "{3A4E0877-6E46-E097-E797-207EDCD54689}"
EndProject
Global
	GlobalSection(SolutionConfigurationPlatforms) = preSolution
		Debug|Any CPU = Debug|Any CPU
		Release|Any CPU = Release|Any CPU
	EndGlobalSection
	GlobalSection(ProjectConfigurationPlatforms) = postSolution
		{3A4E0877-6E46-E097-E797-207EDCD54689}.Debug|Any CPU.ActiveCfg = Debug|Any CPU
		{3A4E0877-6E46-E097-E797-207EDCD54689}.Debug|Any CPU.Build.0 = Debug|Any CPU
		{3A4E0877-6E46-E097-E797-207EDCD54689}.Release|Any CPU.ActiveCfg = Release|Any CPU
		{3A4E0877-6E46-E097-E797-207EDCD54689}.Release|Any CPU.Build.0 = Release|Any CPU
	EndGlobalSection
	GlobalSection(SolutionProperties) = preSolution
		HideSolutionNode = FALSE
	EndGlobalSection
	GlobalSection(MonoDevelopProperties) = preSolution
		StartupItem = Assembly-CSharp.csproj
	EndGlobalSection
EndGlobal
